
Microsoft Visual Studio Solution File, Format Version 12.00
# Visual Studio Version 17
VisualStudioVersion = 17.0.31903.59
MinimumVisualStudioVersion = 10.0.40219.1
Project("{2150E333-8FDC-42A3-9474-1A3956D46DE8}") = "src", "src", "{827E0CD3-B72D-47B6-A68D-7590B98EB39B}"
EndProject
Project("{FAE04EC0-301F-11D3-BF4B-00C04F79EFBC}") = "Domain", "src\Domain\Domain.csproj", "{A38708CF-AD2B-4F5A-9C72-2075C037DF77}"
EndProject
Project("{FAE04EC0-301F-11D3-BF4B-00C04F79EFBC}") = "Application", "src\Application\Application.csproj", "{259F717D-7D22-4A2B-A702-40998603A2DF}"
EndProject
Project("{FAE04EC0-301F-11D3-BF4B-00C04F79EFBC}") = "Infrastructure", "src\Infrastructure\Infrastructure.csproj", "{C36440A4-8161-4C63-A16D-A2090D8A27BE}"
EndProject
Project("{FAE04EC0-301F-11D3-BF4B-00C04F79EFBC}") = "API", "src\API\API.csproj", "{C5053C3D-E1D5-4725-A09D-D35DDA9B9D5D}"
EndProject
Project("{2150E333-8FDC-42A3-9474-1A3956D46DE8}") = "tools", "tools", "{07C2787E-EAC7-C090-1BA3-A61EC2A24D84}"
EndProject
Project("{FAE04EC0-301F-11D3-BF4B-00C04F79EFBC}") = "SystemMaintenance", "tools\SystemMaintenance\SystemMaintenance.csproj", "{75C7474D-AC8B-4652-8770-B69D073E968F}"
EndProject
Global
	GlobalSection(SolutionConfigurationPlatforms) = preSolution
		Debug|Any CPU = Debug|Any CPU
		Debug|x64 = Debug|x64
		Debug|x86 = Debug|x86
		Release|Any CPU = Release|Any CPU
		Release|x64 = Release|x64
		Release|x86 = Release|x86
	EndGlobalSection
	GlobalSection(ProjectConfigurationPlatforms) = postSolution
		{A38708CF-AD2B-4F5A-9C72-2075C037DF77}.Debug|Any CPU.ActiveCfg = Debug|Any CPU
		{A38708CF-AD2B-4F5A-9C72-2075C037DF77}.Debug|Any CPU.Build.0 = Debug|Any CPU
		{A38708CF-AD2B-4F5A-9C72-2075C037DF77}.Debug|x64.ActiveCfg = Debug|Any CPU
		{A38708CF-AD2B-4F5A-9C72-2075C037DF77}.Debug|x64.Build.0 = Debug|Any CPU
		{A38708CF-AD2B-4F5A-9C72-2075C037DF77}.Debug|x86.ActiveCfg = Debug|Any CPU
		{A38708CF-AD2B-4F5A-9C72-2075C037DF77}.Debug|x86.Build.0 = Debug|Any CPU
		{A38708CF-AD2B-4F5A-9C72-2075C037DF77}.Release|Any CPU.ActiveCfg = Release|Any CPU
		{A38708CF-AD2B-4F5A-9C72-2075C037DF77}.Release|Any CPU.Build.0 = Release|Any CPU
		{A38708CF-AD2B-4F5A-9C72-2075C037DF77}.Release|x64.ActiveCfg = Release|Any CPU
		{A38708CF-AD2B-4F5A-9C72-2075C037DF77}.Release|x64.Build.0 = Release|Any CPU
		{A38708CF-AD2B-4F5A-9C72-2075C037DF77}.Release|x86.ActiveCfg = Release|Any CPU
		{A38708CF-AD2B-4F5A-9C72-2075C037DF77}.Release|x86.Build.0 = Release|Any CPU
		{259F717D-7D22-4A2B-A702-40998603A2DF}.Debug|Any CPU.ActiveCfg = Debug|Any CPU
		{259F717D-7D22-4A2B-A702-40998603A2DF}.Debug|Any CPU.Build.0 = Debug|Any CPU
		{259F717D-7D22-4A2B-A702-40998603A2DF}.Debug|x64.ActiveCfg = Debug|Any CPU
		{259F717D-7D22-4A2B-A702-40998603A2DF}.Debug|x64.Build.0 = Debug|Any CPU
		{259F717D-7D22-4A2B-A702-40998603A2DF}.Debug|x86.ActiveCfg = Debug|Any CPU
		{259F717D-7D22-4A2B-A702-40998603A2DF}.Debug|x86.Build.0 = Debug|Any CPU
		{259F717D-7D22-4A2B-A702-40998603A2DF}.Release|Any CPU.ActiveCfg = Release|Any CPU
		{259F717D-7D22-4A2B-A702-40998603A2DF}.Release|Any CPU.Build.0 = Release|Any CPU
		{259F717D-7D22-4A2B-A702-40998603A2DF}.Release|x64.ActiveCfg = Release|Any CPU
		{259F717D-7D22-4A2B-A702-40998603A2DF}.Release|x64.Build.0 = Release|Any CPU
		{259F717D-7D22-4A2B-A702-40998603A2DF}.Release|x86.ActiveCfg = Release|Any CPU
		{259F717D-7D22-4A2B-A702-40998603A2DF}.Release|x86.Build.0 = Release|Any CPU
		{C36440A4-8161-4C63-A16D-A2090D8A27BE}.Debug|Any CPU.ActiveCfg = Debug|Any CPU
		{C36440A4-8161-4C63-A16D-A2090D8A27BE}.Debug|Any CPU.Build.0 = Debug|Any CPU
		{C36440A4-8161-4C63-A16D-A2090D8A27BE}.Debug|x64.ActiveCfg = Debug|Any CPU
		{C36440A4-8161-4C63-A16D-A2090D8A27BE}.Debug|x64.Build.0 = Debug|Any CPU
		{C36440A4-8161-4C63-A16D-A2090D8A27BE}.Debug|x86.ActiveCfg = Debug|Any CPU
		{C36440A4-8161-4C63-A16D-A2090D8A27BE}.Debug|x86.Build.0 = Debug|Any CPU
		{C36440A4-8161-4C63-A16D-A2090D8A27BE}.Release|Any CPU.ActiveCfg = Release|Any CPU
		{C36440A4-8161-4C63-A16D-A2090D8A27BE}.Release|Any CPU.Build.0 = Release|Any CPU
		{C36440A4-8161-4C63-A16D-A2090D8A27BE}.Release|x64.ActiveCfg = Release|Any CPU
		{C36440A4-8161-4C63-A16D-A2090D8A27BE}.Release|x64.Build.0 = Release|Any CPU
		{C36440A4-8161-4C63-A16D-A2090D8A27BE}.Release|x86.ActiveCfg = Release|Any CPU
		{C36440A4-8161-4C63-A16D-A2090D8A27BE}.Release|x86.Build.0 = Release|Any CPU
		{C5053C3D-E1D5-4725-A09D-D35DDA9B9D5D}.Debug|Any CPU.ActiveCfg = Debug|Any CPU
		{C5053C3D-E1D5-4725-A09D-D35DDA9B9D5D}.Debug|Any CPU.Build.0 = Debug|Any CPU
		{C5053C3D-E1D5-4725-A09D-D35DDA9B9D5D}.Debug|x64.ActiveCfg = Debug|Any CPU
		{C5053C3D-E1D5-4725-A09D-D35DDA9B9D5D}.Debug|x64.Build.0 = Debug|Any CPU
		{C5053C3D-E1D5-4725-A09D-D35DDA9B9D5D}.Debug|x86.ActiveCfg = Debug|Any CPU
		{C5053C3D-E1D5-4725-A09D-D35DDA9B9D5D}.Debug|x86.Build.0 = Debug|Any CPU
		{C5053C3D-E1D5-4725-A09D-D35DDA9B9D5D}.Release|Any CPU.ActiveCfg = Release|Any CPU
		{C5053C3D-E1D5-4725-A09D-D35DDA9B9D5D}.Release|Any CPU.Build.0 = Release|Any CPU
		{C5053C3D-E1D5-4725-A09D-D35DDA9B9D5D}.Release|x64.ActiveCfg = Release|Any CPU
		{C5053C3D-E1D5-4725-A09D-D35DDA9B9D5D}.Release|x64.Build.0 = Release|Any CPU
		{C5053C3D-E1D5-4725-A09D-D35DDA9B9D5D}.Release|x86.ActiveCfg = Release|Any CPU
		{C5053C3D-E1D5-4725-A09D-D35DDA9B9D5D}.Release|x86.Build.0 = Release|Any CPU
		{75C7474D-AC8B-4652-8770-B69D073E968F}.Debug|Any CPU.ActiveCfg = Debug|Any CPU
		{75C7474D-AC8B-4652-8770-B69D073E968F}.Debug|Any CPU.Build.0 = Debug|Any CPU
		{75C7474D-AC8B-4652-8770-B69D073E968F}.Debug|x64.ActiveCfg = Debug|Any CPU
		{75C7474D-AC8B-4652-8770-B69D073E968F}.Debug|x64.Build.0 = Debug|Any CPU
		{75C7474D-AC8B-4652-8770-B69D073E968F}.Debug|x86.ActiveCfg = Debug|Any CPU
		{75C7474D-AC8B-4652-8770-B69D073E968F}.Debug|x86.Build.0 = Debug|Any CPU
		{75C7474D-AC8B-4652-8770-B69D073E968F}.Release|Any CPU.ActiveCfg = Release|Any CPU
		{75C7474D-AC8B-4652-8770-B69D073E968F}.Release|Any CPU.Build.0 = Release|Any CPU
		{75C7474D-AC8B-4652-8770-B69D073E968F}.Release|x64.ActiveCfg = Release|Any CPU
		{75C7474D-AC8B-4652-8770-B69D073E968F}.Release|x64.Build.0 = Release|Any CPU
		{75C7474D-AC8B-4652-8770-B69D073E968F}.Release|x86.ActiveCfg = Release|Any CPU
		{75C7474D-AC8B-4652-8770-B69D073E968F}.Release|x86.Build.0 = Release|Any CPU
	EndGlobalSection
	GlobalSection(SolutionProperties) = preSolution
		HideSolutionNode = FALSE
	EndGlobalSection
	GlobalSection(NestedProjects) = preSolution
		{A38708CF-AD2B-4F5A-9C72-2075C037DF77} = {827E0CD3-B72D-47B6-A68D-7590B98EB39B}
		{259F717D-7D22-4A2B-A702-40998603A2DF} = {827E0CD3-B72D-47B6-A68D-7590B98EB39B}
		{C36440A4-8161-4C63-A16D-A2090D8A27BE} = {827E0CD3-B72D-47B6-A68D-7590B98EB39B}
		{C5053C3D-E1D5-4725-A09D-D35DDA9B9D5D} = {827E0CD3-B72D-47B6-A68D-7590B98EB39B}
		{75C7474D-AC8B-4652-8770-B69D073E968F} = {07C2787E-EAC7-C090-1BA3-A61EC2A24D84}
	EndGlobalSection
EndGlobal
